// !$*UTF8*$!
{
	archiveVersion = 1;
	classes = {
	};
	objectVersion = 46;
	objects = {

/* Begin PBXBuildFile section */
		D2BEC6961930826900EA1079 /* Foundation.framework in Frameworks */ = {isa = PBXBuildFile; fileRef = D2BEC6951930826900EA1079 /* Foundation.framework */; };
		D2BEC6981930826900EA1079 /* CoreGraphics.framework in Frameworks */ = {isa = PBXBuildFile; fileRef = D2BEC6971930826900EA1079 /* CoreGraphics.framework */; };
		D2BEC69A1930826900EA1079 /* UIKit.framework in Frameworks */ = {isa = PBXBuildFile; fileRef = D2BEC6991930826900EA1079 /* UIKit.framework */; };
		D2BEC6AF1930826900EA1079 /* XCTest.framework in Frameworks */ = {isa = PBXBuildFile; fileRef = D2BEC6AE1930826900EA1079 /* XCTest.framework */; };
		D2BEC6B01930826900EA1079 /* Foundation.framework in Frameworks */ = {isa = PBXBuildFile; fileRef = D2BEC6951930826900EA1079 /* Foundation.framework */; };
		D2BEC6B11930826900EA1079 /* UIKit.framework in Frameworks */ = {isa = PBXBuildFile; fileRef = D2BEC6991930826900EA1079 /* UIKit.framework */; };
		D2BEC6D8193082B500EA1079 /* GHBAppDelegate.m in Sources */ = {isa = PBXBuildFile; fileRef = D2BEC6C8193082B500EA1079 /* GHBAppDelegate.m */; };
		D2BEC6D9193082B500EA1079 /* Images.xcassets in Resources */ = {isa = PBXBuildFile; fileRef = D2BEC6CA193082B500EA1079 /* Images.xcassets */; };
		D2BEC6DB193082B500EA1079 /* InfoPlist.strings in Resources */ = {isa = PBXBuildFile; fileRef = D2BEC6CE193082B500EA1079 /* InfoPlist.strings */; };
		D2BEC6DC193082B500EA1079 /* main.m in Sources */ = {isa = PBXBuildFile; fileRef = D2BEC6D0193082B500EA1079 /* main.m */; };
		D2BEC6DF193082B500EA1079 /* InfoPlist.strings in Resources */ = {isa = PBXBuildFile; fileRef = D2BEC6D6193082B500EA1079 /* InfoPlist.strings */; };
		D2BEC6E0193082FC00EA1079 /* BrettTests.m in Sources */ = {isa = PBXBuildFile; fileRef = D2BEC6D3193082B500EA1079 /* BrettTests.m */; };
		D2BEC6E31930832800EA1079 /* Brett.m in Sources */ = {isa = PBXBuildFile; fileRef = D2BEC6E21930832800EA1079 /* Brett.m */; };
/* End PBXBuildFile section */

/* Begin PBXContainerItemProxy section */
		D2BEC6B21930826900EA1079 /* PBXContainerItemProxy */ = {
			isa = PBXContainerItemProxy;
			containerPortal = D2BEC68A1930826900EA1079 /* Project object */;
			proxyType = 1;
			remoteGlobalIDString = D2BEC6911930826900EA1079;
			remoteInfo = Brett;
		};
/* End PBXContainerItemProxy section */

/* Begin PBXFileReference section */
		D2BEC6921930826900EA1079 /* Brett.app */ = {isa = PBXFileReference; explicitFileType = wrapper.application; includeInIndex = 0; path = Brett.app; sourceTree = BUILT_PRODUCTS_DIR; };
		D2BEC6951930826900EA1079 /* Foundation.framework */ = {isa = PBXFileReference; lastKnownFileType = wrapper.framework; name = Foundation.framework; path = System/Library/Frameworks/Foundation.framework; sourceTree = SDKROOT; };
		D2BEC6971930826900EA1079 /* CoreGraphics.framework */ = {isa = PBXFileReference; lastKnownFileType = wrapper.framework; name = CoreGraphics.framework; path = System/Library/Frameworks/CoreGraphics.framework; sourceTree = SDKROOT; };
		D2BEC6991930826900EA1079 /* UIKit.framework */ = {isa = PBXFileReference; lastKnownFileType = wrapper.framework; name = UIKit.framework; path = System/Library/Frameworks/UIKit.framework; sourceTree = SDKROOT; };
		D2BEC6AD1930826900EA1079 /* BrettTests.xctest */ = {isa = PBXFileReference; explicitFileType = wrapper.cfbundle; includeInIndex = 0; path = BrettTests.xctest; sourceTree = BUILT_PRODUCTS_DIR; };
		D2BEC6AE1930826900EA1079 /* XCTest.framework */ = {isa = PBXFileReference; lastKnownFileType = wrapper.framework; name = XCTest.framework; path = Library/Frameworks/XCTest.framework; sourceTree = DEVELOPER_DIR; };
		D2BEC6C7193082B500EA1079 /* GHBAppDelegate.h */ = {isa = PBXFileReference; fileEncoding = 4; lastKnownFileType = sourcecode.c.h; path = GHBAppDelegate.h; sourceTree = "<group>"; };
		D2BEC6C8193082B500EA1079 /* GHBAppDelegate.m */ = {isa = PBXFileReference; fileEncoding = 4; lastKnownFileType = sourcecode.c.objc; path = GHBAppDelegate.m; sourceTree = "<group>"; };
		D2BEC6CA193082B500EA1079 /* Images.xcassets */ = {isa = PBXFileReference; lastKnownFileType = folder.assetcatalog; path = Images.xcassets; sourceTree = "<group>"; };
		D2BEC6CC193082B500EA1079 /* Brett-Info.plist */ = {isa = PBXFileReference; fileEncoding = 4; lastKnownFileType = text.plist.xml; path = "Brett-Info.plist"; sourceTree = "<group>"; };
		D2BEC6CD193082B500EA1079 /* Brett-Prefix.pch */ = {isa = PBXFileReference; fileEncoding = 4; lastKnownFileType = sourcecode.c.h; path = "Brett-Prefix.pch"; sourceTree = "<group>"; };
		D2BEC6CF193082B500EA1079 /* en */ = {isa = PBXFileReference; lastKnownFileType = text.plist.strings; name = en; path = en.lproj/InfoPlist.strings; sourceTree = "<group>"; };
		D2BEC6D0193082B500EA1079 /* main.m */ = {isa = PBXFileReference; fileEncoding = 4; lastKnownFileType = sourcecode.c.objc; path = main.m; sourceTree = "<group>"; };
		D2BEC6D3193082B500EA1079 /* BrettTests.m */ = {isa = PBXFileReference; fileEncoding = 4; lastKnownFileType = sourcecode.c.objc; path = BrettTests.m; sourceTree = "<group>"; };
		D2BEC6D5193082B500EA1079 /* BrettTests-Info.plist */ = {isa = PBXFileReference; fileEncoding = 4; lastKnownFileType = text.plist.xml; path = "BrettTests-Info.plist"; sourceTree = "<group>"; };
		D2BEC6D7193082B500EA1079 /* en */ = {isa = PBXFileReference; lastKnownFileType = text.plist.strings; name = en; path = en.lproj/InfoPlist.strings; sourceTree = "<group>"; };
		D2BEC6E11930832800EA1079 /* Brett.h */ = {isa = PBXFileReference; fileEncoding = 4; lastKnownFileType = sourcecode.c.h; path = Brett.h; sourceTree = "<group>"; };
		D2BEC6E21930832800EA1079 /* Brett.m */ = {isa = PBXFileReference; fileEncoding = 4; lastKnownFileType = sourcecode.c.objc; path = Brett.m; sourceTree = "<group>"; };
/* End PBXFileReference section */

/* Begin PBXFrameworksBuildPhase section */
		D2BEC68F1930826900EA1079 /* Frameworks */ = {
			isa = PBXFrameworksBuildPhase;
			buildActionMask = 2147483647;
			files = (
				D2BEC6981930826900EA1079 /* CoreGraphics.framework in Frameworks */,
				D2BEC69A1930826900EA1079 /* UIKit.framework in Frameworks */,
				D2BEC6961930826900EA1079 /* Foundation.framework in Frameworks */,
			);
			runOnlyForDeploymentPostprocessing = 0;
		};
		D2BEC6AA1930826900EA1079 /* Frameworks */ = {
			isa = PBXFrameworksBuildPhase;
			buildActionMask = 2147483647;
			files = (
				D2BEC6AF1930826900EA1079 /* XCTest.framework in Frameworks */,
				D2BEC6B11930826900EA1079 /* UIKit.framework in Frameworks */,
				D2BEC6B01930826900EA1079 /* Foundation.framework in Frameworks */,
			);
			runOnlyForDeploymentPostprocessing = 0;
		};
/* End PBXFrameworksBuildPhase section */

/* Begin PBXGroup section */
		D2BEC6891930826900EA1079 = {
			isa = PBXGroup;
			children = (
				D2BEC6C4193082B500EA1079 /* Brett */,
				D2BEC6C5193082B500EA1079 /* Example */,
				D2BEC6D1193082B500EA1079 /* Tests */,
				D2BEC6941930826900EA1079 /* Frameworks */,
				D2BEC6931930826900EA1079 /* Products */,
			);
			sourceTree = "<group>";
		};
		D2BEC6931930826900EA1079 /* Products */ = {
			isa = PBXGroup;
			children = (
				D2BEC6921930826900EA1079 /* Brett.app */,
				D2BEC6AD1930826900EA1079 /* BrettTests.xctest */,
			);
			name = Products;
			sourceTree = "<group>";
		};
		D2BEC6941930826900EA1079 /* Frameworks */ = {
			isa = PBXGroup;
			children = (
				D2BEC6951930826900EA1079 /* Foundation.framework */,
				D2BEC6971930826900EA1079 /* CoreGraphics.framework */,
				D2BEC6991930826900EA1079 /* UIKit.framework */,
				D2BEC6AE1930826900EA1079 /* XCTest.framework */,
			);
			name = Frameworks;
			sourceTree = "<group>";
		};
		D2BEC6C4193082B500EA1079 /* Brett */ = {
			isa = PBXGroup;
			children = (
				D2BEC6E11930832800EA1079 /* Brett.h */,
				D2BEC6E21930832800EA1079 /* Brett.m */,
			);
			path = Brett;
			sourceTree = "<group>";
		};
		D2BEC6C5193082B500EA1079 /* Example */ = {
			isa = PBXGroup;
			children = (
				D2BEC6C6193082B500EA1079 /* Classes */,
				D2BEC6C9193082B500EA1079 /* Resources */,
				D2BEC6CB193082B500EA1079 /* Supporting Files */,
			);
			path = Example;
			sourceTree = "<group>";
		};
		D2BEC6C6193082B500EA1079 /* Classes */ = {
			isa = PBXGroup;
			children = (
				D2BEC6C7193082B500EA1079 /* GHBAppDelegate.h */,
				D2BEC6C8193082B500EA1079 /* GHBAppDelegate.m */,
			);
			path = Classes;
			sourceTree = "<group>";
		};
		D2BEC6C9193082B500EA1079 /* Resources */ = {
			isa = PBXGroup;
			children = (
				D2BEC6CA193082B500EA1079 /* Images.xcassets */,
			);
			path = Resources;
			sourceTree = "<group>";
		};
		D2BEC6CB193082B500EA1079 /* Supporting Files */ = {
			isa = PBXGroup;
			children = (
				D2BEC6CC193082B500EA1079 /* Brett-Info.plist */,
				D2BEC6CD193082B500EA1079 /* Brett-Prefix.pch */,
				D2BEC6CE193082B500EA1079 /* InfoPlist.strings */,
				D2BEC6D0193082B500EA1079 /* main.m */,
			);
			path = "Supporting Files";
			sourceTree = "<group>";
		};
		D2BEC6D1193082B500EA1079 /* Tests */ = {
			isa = PBXGroup;
			children = (
				D2BEC6D2193082B500EA1079 /* Classes */,
				D2BEC6D4193082B500EA1079 /* Supporting Files */,
			);
			path = Tests;
			sourceTree = "<group>";
		};
		D2BEC6D2193082B500EA1079 /* Classes */ = {
			isa = PBXGroup;
			children = (
				D2BEC6D3193082B500EA1079 /* BrettTests.m */,
			);
			path = Classes;
			sourceTree = "<group>";
		};
		D2BEC6D4193082B500EA1079 /* Supporting Files */ = {
			isa = PBXGroup;
			children = (
				D2BEC6D5193082B500EA1079 /* BrettTests-Info.plist */,
				D2BEC6D6193082B500EA1079 /* InfoPlist.strings */,
			);
			path = "Supporting Files";
			sourceTree = "<group>";
		};
/* End PBXGroup section */

/* Begin PBXNativeTarget section */
		D2BEC6911930826900EA1079 /* Brett */ = {
			isa = PBXNativeTarget;
			buildConfigurationList = D2BEC6BE1930826900EA1079 /* Build configuration list for PBXNativeTarget "Brett" */;
			buildPhases = (
				D2BEC68E1930826900EA1079 /* Sources */,
				D2BEC68F1930826900EA1079 /* Frameworks */,
				D2BEC6901930826900EA1079 /* Resources */,
			);
			buildRules = (
			);
			dependencies = (
			);
			name = Brett;
			productName = Brett;
			productReference = D2BEC6921930826900EA1079 /* Brett.app */;
			productType = "com.apple.product-type.application";
		};
		D2BEC6AC1930826900EA1079 /* BrettTests */ = {
			isa = PBXNativeTarget;
			buildConfigurationList = D2BEC6C11930826900EA1079 /* Build configuration list for PBXNativeTarget "BrettTests" */;
			buildPhases = (
				D2BEC6A91930826900EA1079 /* Sources */,
				D2BEC6AA1930826900EA1079 /* Frameworks */,
				D2BEC6AB1930826900EA1079 /* Resources */,
			);
			buildRules = (
			);
			dependencies = (
				D2BEC6B31930826900EA1079 /* PBXTargetDependency */,
			);
			name = BrettTests;
			productName = BrettTests;
			productReference = D2BEC6AD1930826900EA1079 /* BrettTests.xctest */;
			productType = "com.apple.product-type.bundle.unit-test";
		};
/* End PBXNativeTarget section */

/* Begin PBXProject section */
		D2BEC68A1930826900EA1079 /* Project object */ = {
			isa = PBXProject;
			attributes = {
				CLASSPREFIX = GHB;
				LastUpgradeCheck = 0510;
				ORGANIZATIONNAME = "Scott Petit";
				TargetAttributes = {
					D2BEC6AC1930826900EA1079 = {
						TestTargetID = D2BEC6911930826900EA1079;
					};
				};
			};
			buildConfigurationList = D2BEC68D1930826900EA1079 /* Build configuration list for PBXProject "Brett" */;
			compatibilityVersion = "Xcode 3.2";
			developmentRegion = English;
			hasScannedForEncodings = 0;
			knownRegions = (
				en,
			);
			mainGroup = D2BEC6891930826900EA1079;
			productRefGroup = D2BEC6931930826900EA1079 /* Products */;
			projectDirPath = "";
			projectRoot = "";
			targets = (
				D2BEC6911930826900EA1079 /* Brett */,
				D2BEC6AC1930826900EA1079 /* BrettTests */,
			);
		};
/* End PBXProject section */

/* Begin PBXResourcesBuildPhase section */
		D2BEC6901930826900EA1079 /* Resources */ = {
			isa = PBXResourcesBuildPhase;
			buildActionMask = 2147483647;
			files = (
				D2BEC6DB193082B500EA1079 /* InfoPlist.strings in Resources */,
				D2BEC6D9193082B500EA1079 /* Images.xcassets in Resources */,
				D2BEC6DF193082B500EA1079 /* InfoPlist.strings in Resources */,
			);
			runOnlyForDeploymentPostprocessing = 0;
		};
		D2BEC6AB1930826900EA1079 /* Resources */ = {
			isa = PBXResourcesBuildPhase;
			buildActionMask = 2147483647;
			files = (
			);
			runOnlyForDeploymentPostprocessing = 0;
		};
/* End PBXResourcesBuildPhase section */

/* Begin PBXSourcesBuildPhase section */
		D2BEC68E1930826900EA1079 /* Sources */ = {
			isa = PBXSourcesBuildPhase;
			buildActionMask = 2147483647;
			files = (
				D2BEC6E31930832800EA1079 /* Brett.m in Sources */,
				D2BEC6DC193082B500EA1079 /* main.m in Sources */,
				D2BEC6D8193082B500EA1079 /* GHBAppDelegate.m in Sources */,
			);
			runOnlyForDeploymentPostprocessing = 0;
		};
		D2BEC6A91930826900EA1079 /* Sources */ = {
			isa = PBXSourcesBuildPhase;
			buildActionMask = 2147483647;
			files = (
				D2BEC6E0193082FC00EA1079 /* BrettTests.m in Sources */,
			);
			runOnlyForDeploymentPostprocessing = 0;
		};
/* End PBXSourcesBuildPhase section */

/* Begin PBXTargetDependency section */
		D2BEC6B31930826900EA1079 /* PBXTargetDependency */ = {
			isa = PBXTargetDependency;
			target = D2BEC6911930826900EA1079 /* Brett */;
			targetProxy = D2BEC6B21930826900EA1079 /* PBXContainerItemProxy */;
		};
/* End PBXTargetDependency section */

/* Begin PBXVariantGroup section */
		D2BEC6CE193082B500EA1079 /* InfoPlist.strings */ = {
			isa = PBXVariantGroup;
			children = (
				D2BEC6CF193082B500EA1079 /* en */,
			);
			name = InfoPlist.strings;
			sourceTree = "<group>";
		};
		D2BEC6D6193082B500EA1079 /* InfoPlist.strings */ = {
			isa = PBXVariantGroup;
			children = (
				D2BEC6D7193082B500EA1079 /* en */,
			);
			name = InfoPlist.strings;
			sourceTree = "<group>";
		};
/* End PBXVariantGroup section */

/* Begin XCBuildConfiguration section */
		D2BEC6BC1930826900EA1079 /* Debug */ = {
			isa = XCBuildConfiguration;
			buildSettings = {
				ALWAYS_SEARCH_USER_PATHS = NO;
				CLANG_CXX_LANGUAGE_STANDARD = "gnu++0x";
				CLANG_CXX_LIBRARY = "libc++";
				CLANG_ENABLE_MODULES = YES;
				CLANG_ENABLE_OBJC_ARC = YES;
				CLANG_WARN_BOOL_CONVERSION = YES;
				CLANG_WARN_CONSTANT_CONVERSION = YES;
				CLANG_WARN_DIRECT_OBJC_ISA_USAGE = YES_ERROR;
				CLANG_WARN_EMPTY_BODY = YES;
				CLANG_WARN_ENUM_CONVERSION = YES;
				CLANG_WARN_INT_CONVERSION = YES;
				CLANG_WARN_OBJC_ROOT_CLASS = YES_ERROR;
				CLANG_WARN__DUPLICATE_METHOD_MATCH = YES;
				"CODE_SIGN_IDENTITY[sdk=iphoneos*]" = "iPhone Developer";
				COPY_PHASE_STRIP = NO;
				GCC_C_LANGUAGE_STANDARD = gnu99;
				GCC_DYNAMIC_NO_PIC = NO;
				GCC_OPTIMIZATION_LEVEL = 0;
				GCC_PREPROCESSOR_DEFINITIONS = (
					"DEBUG=1",
					"$(inherited)",
				);
				GCC_SYMBOLS_PRIVATE_EXTERN = NO;
				GCC_WARN_64_TO_32_BIT_CONVERSION = YES;
				GCC_WARN_ABOUT_RETURN_TYPE = YES_ERROR;
				GCC_WARN_UNDECLARED_SELECTOR = YES;
				GCC_WARN_UNINITIALIZED_AUTOS = YES_AGGRESSIVE;
				GCC_WARN_UNUSED_FUNCTION = YES;
				GCC_WARN_UNUSED_VARIABLE = YES;
				IPHONEOS_DEPLOYMENT_TARGET = 7.1;
				ONLY_ACTIVE_ARCH = YES;
				SDKROOT = iphoneos;
				TARGETED_DEVICE_FAMILY = "1,2";
			};
			name = Debug;
		};
		D2BEC6BD1930826900EA1079 /* Release */ = {
			isa = XCBuildConfiguration;
			buildSettings = {
				ALWAYS_SEARCH_USER_PATHS = NO;
				CLANG_CXX_LANGUAGE_STANDARD = "gnu++0x";
				CLANG_CXX_LIBRARY = "libc++";
				CLANG_ENABLE_MODULES = YES;
				CLANG_ENABLE_OBJC_ARC = YES;
				CLANG_WARN_BOOL_CONVERSION = YES;
				CLANG_WARN_CONSTANT_CONVERSION = YES;
				CLANG_WARN_DIRECT_OBJC_ISA_USAGE = YES_ERROR;
				CLANG_WARN_EMPTY_BODY = YES;
				CLANG_WARN_ENUM_CONVERSION = YES;
				CLANG_WARN_INT_CONVERSION = YES;
				CLANG_WARN_OBJC_ROOT_CLASS = YES_ERROR;
				CLANG_WARN__DUPLICATE_METHOD_MATCH = YES;
				"CODE_SIGN_IDENTITY[sdk=iphoneos*]" = "iPhone Developer";
				COPY_PHASE_STRIP = YES;
				ENABLE_NS_ASSERTIONS = NO;
				GCC_C_LANGUAGE_STANDARD = gnu99;
				GCC_WARN_64_TO_32_BIT_CONVERSION = YES;
				GCC_WARN_ABOUT_RETURN_TYPE = YES_ERROR;
				GCC_WARN_UNDECLARED_SELECTOR = YES;
				GCC_WARN_UNINITIALIZED_AUTOS = YES_AGGRESSIVE;
				GCC_WARN_UNUSED_FUNCTION = YES;
				GCC_WARN_UNUSED_VARIABLE = YES;
				IPHONEOS_DEPLOYMENT_TARGET = 7.1;
				SDKROOT = iphoneos;
				TARGETED_DEVICE_FAMILY = "1,2";
				VALIDATE_PRODUCT = YES;
			};
			name = Release;
		};
		D2BEC6BF1930826900EA1079 /* Debug */ = {
			isa = XCBuildConfiguration;
			buildSettings = {
				ASSETCATALOG_COMPILER_APPICON_NAME = AppIcon;
				ASSETCATALOG_COMPILER_LAUNCHIMAGE_NAME = LaunchImage;
				GCC_PRECOMPILE_PREFIX_HEADER = YES;
				GCC_PREFIX_HEADER = "Example/Supporting Files/Brett-Prefix.pch";
				INFOPLIST_FILE = "$(SRCROOT)/Example/Supporting Files/Brett-Info.plist";
				PRODUCT_NAME = "$(TARGET_NAME)";
				WRAPPER_EXTENSION = app;
			};
			name = Debug;
		};
		D2BEC6C01930826900EA1079 /* Release */ = {
			isa = XCBuildConfiguration;
			buildSettings = {
				ASSETCATALOG_COMPILER_APPICON_NAME = AppIcon;
				ASSETCATALOG_COMPILER_LAUNCHIMAGE_NAME = LaunchImage;
				GCC_PRECOMPILE_PREFIX_HEADER = YES;
				GCC_PREFIX_HEADER = "Example/Supporting Files/Brett-Prefix.pch";
				INFOPLIST_FILE = "$(SRCROOT)/Example/Supporting Files/Brett-Info.plist";
				PRODUCT_NAME = "$(TARGET_NAME)";
				WRAPPER_EXTENSION = app;
			};
			name = Release;
		};
		D2BEC6C21930826900EA1079 /* Debug */ = {
			isa = XCBuildConfiguration;
			buildSettings = {
				BUNDLE_LOADER = "$(BUILT_PRODUCTS_DIR)/Brett.app/Brett";
				FRAMEWORK_SEARCH_PATHS = (
					"$(SDKROOT)/Developer/Library/Frameworks",
					"$(inherited)",
					"$(DEVELOPER_FRAMEWORKS_DIR)",
				);
				GCC_PRECOMPILE_PREFIX_HEADER = YES;
				GCC_PREFIX_HEADER = "Example/Supporting Files/Brett-Prefix.pch";
				GCC_PREPROCESSOR_DEFINITIONS = (
					"DEBUG=1",
					"$(inherited)",
				);
				INFOPLIST_FILE = "Tests/Supporting Files/BrettTests-Info.plist";
				PRODUCT_NAME = "$(TARGET_NAME)";
				TEST_HOST = "$(BUNDLE_LOADER)";
				WRAPPER_EXTENSION = xctest;
			};
			name = Debug;
		};
		D2BEC6C31930826900EA1079 /* Release */ = {
			isa = XCBuildConfiguration;
			buildSettings = {
				BUNDLE_LOADER = "$(BUILT_PRODUCTS_DIR)/Brett.app/Brett";
				FRAMEWORK_SEARCH_PATHS = (
					"$(SDKROOT)/Developer/Library/Frameworks",
					"$(inherited)",
					"$(DEVELOPER_FRAMEWORKS_DIR)",
				);
				GCC_PRECOMPILE_PREFIX_HEADER = YES;
				GCC_PREFIX_HEADER = "Example/Supporting Files/Brett-Prefix.pch";
				INFOPLIST_FILE = "Tests/Supporting Files/BrettTests-Info.plist";
				PRODUCT_NAME = "$(TARGET_NAME)";
				TEST_HOST = "$(BUNDLE_LOADER)";
				WRAPPER_EXTENSION = xctest;
			};
			name = Release;
		};
/* End XCBuildConfiguration section */

/* Begin XCConfigurationList section */
		D2BEC68D1930826900EA1079 /* Build configuration list for PBXProject "Brett" */ = {
			isa = XCConfigurationList;
			buildConfigurations = (
				D2BEC6BC1930826900EA1079 /* Debug */,
				D2BEC6BD1930826900EA1079 /* Release */,
			);
			defaultConfigurationIsVisible = 0;
			defaultConfigurationName = Release;
		};
		D2BEC6BE1930826900EA1079 /* Build configuration list for PBXNativeTarget "Brett" */ = {
			isa = XCConfigurationList;
			buildConfigurations = (
				D2BEC6BF1930826900EA1079 /* Debug */,
				D2BEC6C01930826900EA1079 /* Release */,
			);
			defaultConfigurationIsVisible = 0;
		};
		D2BEC6C11930826900EA1079 /* Build configuration list for PBXNativeTarget "BrettTests" */ = {
			isa = XCConfigurationList;
			buildConfigurations = (
				D2BEC6C21930826900EA1079 /* Debug */,
				D2BEC6C31930826900EA1079 /* Release */,
			);
			defaultConfigurationIsVisible = 0;
		};
/* End XCConfigurationList section */
	};
	rootObject = D2BEC68A1930826900EA1079 /* Project object */;
}
